
Microsoft Visual Studio Solution File, Format Version 12.00
# Visual Studio Version 17
VisualStudioVersion = 17.10.35013.160
MinimumVisualStudioVersion = 10.0.40219.1
Project("{FAE04EC0-301F-11D3-BF4B-00C04F79EFBC}") = "ConsoleAppProject", "ConsoleAppProject\ConsoleAppProject.csproj", "{736196E6-6B61-4429-A6F1-3CF8D159E03D}"
EndProject
Project("{FAE04EC0-301F-11D3-BF4B-00C04F79EFBC}") = "PrintNumbersRange", "PrintNumbersRange\PrintNumbersRange.csproj", "{9BF7AA2E-B314-46DC-845F-6CD0346C6F8C}"
EndProject
Project("{FAE04EC0-301F-11D3-BF4B-00C04F79EFBC}") = "StringReversal", "StringReversal\StringReversal.csproj", "{84033227-F5CB-436A-9E0F-7156D1E8B67E}"
EndProject
Project("{FAE04EC0-301F-11D3-BF4B-00C04F79EFBC}") = "PalindromeNumber", "PalindromeNumber\PalindromeNumber.csproj", "{D2F8057E-153B-4B03-AEA3-0032B3D8F09A}"
EndProject
Project("{FAE04EC0-301F-11D3-BF4B-00C04F79EFBC}") = "ExceptionHandlerExample", "ExceptionHandlerExample\ExceptionHandlerExample.csproj", "{6C049D95-E7AC-4C5D-8819-2980819EEE6E}"
EndProject
Project("{FAE04EC0-301F-11D3-BF4B-00C04F79EFBC}") = "OopsExample", "OopsExample\OopsExample.csproj", "{C4F33D56-8BAD-4083-9113-CEB0DC1EDD79}"
EndProject
Project("{FAE04EC0-301F-11D3-BF4B-00C04F79EFBC}") = "PalindromeString", "PalindromeString\PalindromeString.csproj", "{CCA366C9-B7FD-4298-ABC3-A01E877C09BA}"
EndProject
Project("{FAE04EC0-301F-11D3-BF4B-00C04F79EFBC}") = "Looping", "Looping\Looping.csproj", "{5F321C5A-E166-4E2D-AB5B-3AC78B340CC0}"
EndProject
Project("{FAE04EC0-301F-11D3-BF4B-00C04F79EFBC}") = "ReadandWriteonDocument", "ReadDocumentFile\ReadandWriteonDocument.csproj", "{E64537B5-B168-4407-9CD3-A8A2B11EA010}"
EndProject
Project("{FAE04EC0-301F-11D3-BF4B-00C04F79EFBC}") = "Collections", "Collections\Collections.csproj", "{756C589D-BF6D-4535-86B9-9C9614707E7B}"
EndProject
Global
	GlobalSection(SolutionConfigurationPlatforms) = preSolution
		Debug|Any CPU = Debug|Any CPU
		Release|Any CPU = Release|Any CPU
	EndGlobalSection
	GlobalSection(ProjectConfigurationPlatforms) = postSolution
		{736196E6-6B61-4429-A6F1-3CF8D159E03D}.Debug|Any CPU.ActiveCfg = Debug|Any CPU
		{736196E6-6B61-4429-A6F1-3CF8D159E03D}.Debug|Any CPU.Build.0 = Debug|Any CPU
		{736196E6-6B61-4429-A6F1-3CF8D159E03D}.Release|Any CPU.ActiveCfg = Release|Any CPU
		{736196E6-6B61-4429-A6F1-3CF8D159E03D}.Release|Any CPU.Build.0 = Release|Any CPU
		{9BF7AA2E-B314-46DC-845F-6CD0346C6F8C}.Debug|Any CPU.ActiveCfg = Debug|Any CPU
		{9BF7AA2E-B314-46DC-845F-6CD0346C6F8C}.Debug|Any CPU.Build.0 = Debug|Any CPU
		{9BF7AA2E-B314-46DC-845F-6CD0346C6F8C}.Release|Any CPU.ActiveCfg = Release|Any CPU
		{9BF7AA2E-B314-46DC-845F-6CD0346C6F8C}.Release|Any CPU.Build.0 = Release|Any CPU
		{84033227-F5CB-436A-9E0F-7156D1E8B67E}.Debug|Any CPU.ActiveCfg = Debug|Any CPU
		{84033227-F5CB-436A-9E0F-7156D1E8B67E}.Debug|Any CPU.Build.0 = Debug|Any CPU
		{84033227-F5CB-436A-9E0F-7156D1E8B67E}.Release|Any CPU.ActiveCfg = Release|Any CPU
		{84033227-F5CB-436A-9E0F-7156D1E8B67E}.Release|Any CPU.Build.0 = Release|Any CPU
		{D2F8057E-153B-4B03-AEA3-0032B3D8F09A}.Debug|Any CPU.ActiveCfg = Debug|Any CPU
		{D2F8057E-153B-4B03-AEA3-0032B3D8F09A}.Debug|Any CPU.Build.0 = Debug|Any CPU
		{D2F8057E-153B-4B03-AEA3-0032B3D8F09A}.Release|Any CPU.ActiveCfg = Release|Any CPU
		{D2F8057E-153B-4B03-AEA3-0032B3D8F09A}.Release|Any CPU.Build.0 = Release|Any CPU
		{6C049D95-E7AC-4C5D-8819-2980819EEE6E}.Debug|Any CPU.ActiveCfg = Debug|Any CPU
		{6C049D95-E7AC-4C5D-8819-2980819EEE6E}.Debug|Any CPU.Build.0 = Debug|Any CPU
		{6C049D95-E7AC-4C5D-8819-2980819EEE6E}.Release|Any CPU.ActiveCfg = Release|Any CPU
		{6C049D95-E7AC-4C5D-8819-2980819EEE6E}.Release|Any CPU.Build.0 = Release|Any CPU
		{C4F33D56-8BAD-4083-9113-CEB0DC1EDD79}.Debug|Any CPU.ActiveCfg = Debug|Any CPU
		{C4F33D56-8BAD-4083-9113-CEB0DC1EDD79}.Debug|Any CPU.Build.0 = Debug|Any CPU
		{C4F33D56-8BAD-4083-9113-CEB0DC1EDD79}.Release|Any CPU.ActiveCfg = Release|Any CPU
		{C4F33D56-8BAD-4083-9113-CEB0DC1EDD79}.Release|Any CPU.Build.0 = Release|Any CPU
		{CCA366C9-B7FD-4298-ABC3-A01E877C09BA}.Debug|Any CPU.ActiveCfg = Debug|Any CPU
		{CCA366C9-B7FD-4298-ABC3-A01E877C09BA}.Debug|Any CPU.Build.0 = Debug|Any CPU
		{CCA366C9-B7FD-4298-ABC3-A01E877C09BA}.Release|Any CPU.ActiveCfg = Release|Any CPU
		{CCA366C9-B7FD-4298-ABC3-A01E877C09BA}.Release|Any CPU.Build.0 = Release|Any CPU
		{5F321C5A-E166-4E2D-AB5B-3AC78B340CC0}.Debug|Any CPU.ActiveCfg = Debug|Any CPU
		{5F321C5A-E166-4E2D-AB5B-3AC78B340CC0}.Debug|Any CPU.Build.0 = Debug|Any CPU
		{5F321C5A-E166-4E2D-AB5B-3AC78B340CC0}.Release|Any CPU.ActiveCfg = Release|Any CPU
		{5F321C5A-E166-4E2D-AB5B-3AC78B340CC0}.Release|Any CPU.Build.0 = Release|Any CPU
		{E64537B5-B168-4407-9CD3-A8A2B11EA010}.Debug|Any CPU.ActiveCfg = Debug|Any CPU
		{E64537B5-B168-4407-9CD3-A8A2B11EA010}.Debug|Any CPU.Build.0 = Debug|Any CPU
		{E64537B5-B168-4407-9CD3-A8A2B11EA010}.Release|Any CPU.ActiveCfg = Release|Any CPU
		{E64537B5-B168-4407-9CD3-A8A2B11EA010}.Release|Any CPU.Build.0 = Release|Any CPU
		{756C589D-BF6D-4535-86B9-9C9614707E7B}.Debug|Any CPU.ActiveCfg = Debug|Any CPU
		{756C589D-BF6D-4535-86B9-9C9614707E7B}.Debug|Any CPU.Build.0 = Debug|Any CPU
		{756C589D-BF6D-4535-86B9-9C9614707E7B}.Release|Any CPU.ActiveCfg = Release|Any CPU
		{756C589D-BF6D-4535-86B9-9C9614707E7B}.Release|Any CPU.Build.0 = Release|Any CPU
	EndGlobalSection
	GlobalSection(SolutionProperties) = preSolution
		HideSolutionNode = FALSE
	EndGlobalSection
	GlobalSection(ExtensibilityGlobals) = postSolution
		SolutionGuid = {27FA4D4C-C0C8-45E4-BEC7-86D8C415A026}
	EndGlobalSection
EndGlobal
